
Microsoft Visual Studio Solution File, Format Version 12.00
# Visual Studio Version 17
VisualStudioVersion = 17.6.33815.320
MinimumVisualStudioVersion = 10.0.40219.1
Project("{FAE04EC0-301F-11D3-BF4B-00C04F79EFBC}") = "GraphicsManager", "GraphicsManager\GraphicsManager.csproj", "{8C13D670-DC24-46E3-95E5-BFC21816FB32}"
EndProject
Project("{D954291E-2A0B-460D-934E-DC6B0785DB48}") = "Backend", "Backend\Backend.shproj", "{FD560456-C473-4DB0-99DA-E256CC52FAC8}"
EndProject
Project("{D954291E-2A0B-460D-934E-DC6B0785DB48}") = "Display", "Display\Display.shproj", "{C5477161-F854-436B-A478-E9DD4696ABA5}"
EndProject
Project("{FAE04EC0-301F-11D3-BF4B-00C04F79EFBC}") = "NameFixerThing", "NameFixerThing\NameFixerThing.csproj", "{A4A157A6-3290-4682-99CC-CF3C2A8CD30A}"
EndProject
Project("{FAE04EC0-301F-11D3-BF4B-00C04F79EFBC}") = "AviationGCM", "AviationGCM\AviationGCM.csproj", "{E0DEFBC1-C389-4B2B-922E-6F0E1606E299}"
EndProject
Global
	GlobalSection(SolutionConfigurationPlatforms) = preSolution
		Debug|x64 = Debug|x64
	EndGlobalSection
	GlobalSection(ProjectConfigurationPlatforms) = postSolution
		{8C13D670-DC24-46E3-95E5-BFC21816FB32}.Debug|x64.ActiveCfg = Debug|x64
		{8C13D670-DC24-46E3-95E5-BFC21816FB32}.Debug|x64.Build.0 = Debug|x64
		{A4A157A6-3290-4682-99CC-CF3C2A8CD30A}.Debug|x64.ActiveCfg = Debug|x64
		{A4A157A6-3290-4682-99CC-CF3C2A8CD30A}.Debug|x64.Build.0 = Debug|x64
		{E0DEFBC1-C389-4B2B-922E-6F0E1606E299}.Debug|x64.ActiveCfg = Debug|x64
		{E0DEFBC1-C389-4B2B-922E-6F0E1606E299}.Debug|x64.Build.0 = Debug|x64
	EndGlobalSection
	GlobalSection(SolutionProperties) = preSolution
		HideSolutionNode = FALSE
	EndGlobalSection
	GlobalSection(ExtensibilityGlobals) = postSolution
		SolutionGuid = {77EE969D-E83B-4095-8EFC-D5873E576707}
	EndGlobalSection
	GlobalSection(SharedMSBuildProjectFiles) = preSolution
		Backend\Backend.projitems*{8c13d670-dc24-46e3-95e5-bfc21816fb32}*SharedItemsImports = 4
		Display\Display.projitems*{8c13d670-dc24-46e3-95e5-bfc21816fb32}*SharedItemsImports = 4
		Display\Display.projitems*{c5477161-f854-436b-a478-e9dd4696aba5}*SharedItemsImports = 13
		Backend\Backend.projitems*{e0defbc1-c389-4b2b-922e-6f0e1606e299}*SharedItemsImports = 4
		Display\Display.projitems*{e0defbc1-c389-4b2b-922e-6f0e1606e299}*SharedItemsImports = 4
		Backend\Backend.projitems*{fd560456-c473-4db0-99da-e256cc52fac8}*SharedItemsImports = 13
	EndGlobalSection
EndGlobal
